
Microsoft Visual Studio Solution File, Format Version 12.00
# Visual Studio Version 17
VisualStudioVersion = 17.1.32228.430
MinimumVisualStudioVersion = 10.0.40219.1
Project("{9A19103F-16F7-4668-BE54-9A1E7A4F7556}") = "Shop", "Shop\Shop.csproj", "{237B439F-A8FD-469B-BFF6-E2A7FA53F13D}"
EndProject
Project("{9A19103F-16F7-4668-BE54-9A1E7A4F7556}") = "Shop.Data", "Shop.Data\Shop.Data.csproj", "{08E88491-1125-4B89-A6F0-6C38B252F8AD}"
EndProject
Project("{9A19103F-16F7-4668-BE54-9A1E7A4F7556}") = "Shop.Core", "Shop.Core\Shop.Core.csproj", "{72BE0443-3298-4DAB-8AB2-4538F8C80ABE}"
EndProject
Project("{9A19103F-16F7-4668-BE54-9A1E7A4F7556}") = "Shop.ApplicationServices", "Shop.ApplicationServices\Shop.ApplicationServices.csproj", "{02DBFDC7-A8D3-497B-A450-24E5FF4E3E0C}"
EndProject
Project("{FAE04EC0-301F-11D3-BF4B-00C04F79EFBC}") = "Shop.SpaceshipTest", "Shop.SpaceshipTest\Shop.SpaceshipTest.csproj", "{249E5737-DB0C-4C6E-AC5E-6BEF9C880123}"
EndProject
Global
	GlobalSection(SolutionConfigurationPlatforms) = preSolution
		Debug|Any CPU = Debug|Any CPU
		Release|Any CPU = Release|Any CPU
	EndGlobalSection
	GlobalSection(ProjectConfigurationPlatforms) = postSolution
		{237B439F-A8FD-469B-BFF6-E2A7FA53F13D}.Debug|Any CPU.ActiveCfg = Debug|Any CPU
		{237B439F-A8FD-469B-BFF6-E2A7FA53F13D}.Debug|Any CPU.Build.0 = Debug|Any CPU
		{237B439F-A8FD-469B-BFF6-E2A7FA53F13D}.Release|Any CPU.ActiveCfg = Release|Any CPU
		{237B439F-A8FD-469B-BFF6-E2A7FA53F13D}.Release|Any CPU.Build.0 = Release|Any CPU
		{08E88491-1125-4B89-A6F0-6C38B252F8AD}.Debug|Any CPU.ActiveCfg = Debug|Any CPU
		{08E88491-1125-4B89-A6F0-6C38B252F8AD}.Debug|Any CPU.Build.0 = Debug|Any CPU
		{08E88491-1125-4B89-A6F0-6C38B252F8AD}.Release|Any CPU.ActiveCfg = Release|Any CPU
		{08E88491-1125-4B89-A6F0-6C38B252F8AD}.Release|Any CPU.Build.0 = Release|Any CPU
		{72BE0443-3298-4DAB-8AB2-4538F8C80ABE}.Debug|Any CPU.ActiveCfg = Debug|Any CPU
		{72BE0443-3298-4DAB-8AB2-4538F8C80ABE}.Debug|Any CPU.Build.0 = Debug|Any CPU
		{72BE0443-3298-4DAB-8AB2-4538F8C80ABE}.Release|Any CPU.ActiveCfg = Release|Any CPU
		{72BE0443-3298-4DAB-8AB2-4538F8C80ABE}.Release|Any CPU.Build.0 = Release|Any CPU
		{02DBFDC7-A8D3-497B-A450-24E5FF4E3E0C}.Debug|Any CPU.ActiveCfg = Debug|Any CPU
		{02DBFDC7-A8D3-497B-A450-24E5FF4E3E0C}.Debug|Any CPU.Build.0 = Debug|Any CPU
		{02DBFDC7-A8D3-497B-A450-24E5FF4E3E0C}.Release|Any CPU.ActiveCfg = Release|Any CPU
		{02DBFDC7-A8D3-497B-A450-24E5FF4E3E0C}.Release|Any CPU.Build.0 = Release|Any CPU
		{249E5737-DB0C-4C6E-AC5E-6BEF9C880123}.Debug|Any CPU.ActiveCfg = Debug|Any CPU
		{249E5737-DB0C-4C6E-AC5E-6BEF9C880123}.Debug|Any CPU.Build.0 = Debug|Any CPU
		{249E5737-DB0C-4C6E-AC5E-6BEF9C880123}.Release|Any CPU.ActiveCfg = Release|Any CPU
		{249E5737-DB0C-4C6E-AC5E-6BEF9C880123}.Release|Any CPU.Build.0 = Release|Any CPU
	EndGlobalSection
	GlobalSection(SolutionProperties) = preSolution
		HideSolutionNode = FALSE
	EndGlobalSection
	GlobalSection(ExtensibilityGlobals) = postSolution
		SolutionGuid = {97CBB468-7877-440B-B4CA-F41FA0BEB6AC}
	EndGlobalSection
EndGlobal
